
Microsoft Visual Studio Solution File, Format Version 12.00
# Visual Studio 2013
VisualStudioVersion = 12.0.31101.0
MinimumVisualStudioVersion = 10.0.40219.1
Project("{FAE04EC0-301F-11D3-BF4B-00C04F79EFBC}") = "Luna", "Luna\Luna.csproj", "{47B4DE40-C5CA-4F28-A054-8D691EC020AF}"
EndProject
Project("{2150E333-8FDC-42A3-9474-1A3956D46DE8}") = "Data", "Data", "{D10C87D0-CFA9-4D7B-BECA-9E4AB77AF310}"
EndProject
Project("{2150E333-8FDC-42A3-9474-1A3956D46DE8}") = "Services", "Services", "{C23C9514-D8E8-47C4-9C89-4B59A7BE2EA4}"
EndProject
Project("{FAE04EC0-301F-11D3-BF4B-00C04F79EFBC}") = "Luna.Data", "Luna.Data\Luna.Data.csproj", "{B5E2658C-B9EB-40BA-BA3B-D46F17AD0987}"
EndProject
Project("{FAE04EC0-301F-11D3-BF4B-00C04F79EFBC}") = "Luna.Data.Local", "Luna.Data.Local\Luna.Data.Local.csproj", "{87C1E166-C1F5-4B75-96F0-96DF6342376C}"
EndProject
Project("{2150E333-8FDC-42A3-9474-1A3956D46DE8}") = "Models", "Models", "{7A675A7C-ECA3-4B84-B944-EE4842AF7630}"
EndProject
Project("{FAE04EC0-301F-11D3-BF4B-00C04F79EFBC}") = "Luna.Model.Client", "Luna.Model.Client\Luna.Model.Client.csproj", "{95C5F331-5B9D-4090-B211-704478525297}"
EndProject
Project("{FAE04EC0-301F-11D3-BF4B-00C04F79EFBC}") = "Luna.Data.Local.Tests", "Luna.Data.Local.Tests\Luna.Data.Local.Tests.csproj", "{977DC6EA-3A3B-4BCD-9402-9D656941ABC5}"
EndProject
Project("{2150E333-8FDC-42A3-9474-1A3956D46DE8}") = "Tests", "Tests", "{7A44777E-8E38-4EB2-97C3-421C73B8AA2B}"
EndProject
Project("{FAE04EC0-301F-11D3-BF4B-00C04F79EFBC}") = "Luna.Services.CRM", "Luna.Services.CRM\Luna.Services.CRM.csproj", "{27CD3BE7-7973-48B2-A884-6F2D2E740D04}"
EndProject
Project("{FAE04EC0-301F-11D3-BF4B-00C04F79EFBC}") = "Luna.Services.Common", "Luna.Services.Common\Luna.Services.Common.csproj", "{04625BCF-A2C2-4044-983C-029276C1F89A}"
EndProject
Project("{2150E333-8FDC-42A3-9474-1A3956D46DE8}") = "WebAPI", "WebAPI", "{36BE545C-F2E3-491D-A989-33006CA6A9A2}"
EndProject
Project("{FAE04EC0-301F-11D3-BF4B-00C04F79EFBC}") = "Luna.Data.Cloud", "Luna.Data.Cloud\Luna.Data.Cloud.csproj", "{32CF6019-C5BA-4F17-8273-6E207B4C5AF0}"
EndProject
Project("{FAE04EC0-301F-11D3-BF4B-00C04F79EFBC}") = "Luna.Model.Cloud", "Luna.Model.Cloud\Luna.Model.Cloud.csproj", "{2195A73C-95BD-4EB7-893F-D44C65AB3347}"
EndProject
Project("{FAE04EC0-301F-11D3-BF4B-00C04F79EFBC}") = "Luna.Cloud", "Luna.Cloud\Luna.Cloud.csproj", "{4FFCD66E-EC4D-4F65-9F3F-2D437D0A7BE8}"
EndProject
Global
	GlobalSection(SolutionConfigurationPlatforms) = preSolution
		Debug|Any CPU = Debug|Any CPU
		Quality|Any CPU = Quality|Any CPU
		Release|Any CPU = Release|Any CPU
	EndGlobalSection
	GlobalSection(ProjectConfigurationPlatforms) = postSolution
		{47B4DE40-C5CA-4F28-A054-8D691EC020AF}.Debug|Any CPU.ActiveCfg = Debug|Any CPU
		{47B4DE40-C5CA-4F28-A054-8D691EC020AF}.Debug|Any CPU.Build.0 = Debug|Any CPU
		{47B4DE40-C5CA-4F28-A054-8D691EC020AF}.Quality|Any CPU.ActiveCfg = Quality|Any CPU
		{47B4DE40-C5CA-4F28-A054-8D691EC020AF}.Quality|Any CPU.Build.0 = Quality|Any CPU
		{47B4DE40-C5CA-4F28-A054-8D691EC020AF}.Release|Any CPU.ActiveCfg = Release|Any CPU
		{47B4DE40-C5CA-4F28-A054-8D691EC020AF}.Release|Any CPU.Build.0 = Release|Any CPU
		{B5E2658C-B9EB-40BA-BA3B-D46F17AD0987}.Debug|Any CPU.ActiveCfg = Debug|Any CPU
		{B5E2658C-B9EB-40BA-BA3B-D46F17AD0987}.Debug|Any CPU.Build.0 = Debug|Any CPU
		{B5E2658C-B9EB-40BA-BA3B-D46F17AD0987}.Quality|Any CPU.ActiveCfg = Quality|Any CPU
		{B5E2658C-B9EB-40BA-BA3B-D46F17AD0987}.Quality|Any CPU.Build.0 = Quality|Any CPU
		{B5E2658C-B9EB-40BA-BA3B-D46F17AD0987}.Release|Any CPU.ActiveCfg = Release|Any CPU
		{B5E2658C-B9EB-40BA-BA3B-D46F17AD0987}.Release|Any CPU.Build.0 = Release|Any CPU
		{87C1E166-C1F5-4B75-96F0-96DF6342376C}.Debug|Any CPU.ActiveCfg = Debug|Any CPU
		{87C1E166-C1F5-4B75-96F0-96DF6342376C}.Debug|Any CPU.Build.0 = Debug|Any CPU
		{87C1E166-C1F5-4B75-96F0-96DF6342376C}.Quality|Any CPU.ActiveCfg = Quality|Any CPU
		{87C1E166-C1F5-4B75-96F0-96DF6342376C}.Quality|Any CPU.Build.0 = Quality|Any CPU
		{87C1E166-C1F5-4B75-96F0-96DF6342376C}.Release|Any CPU.ActiveCfg = Release|Any CPU
		{87C1E166-C1F5-4B75-96F0-96DF6342376C}.Release|Any CPU.Build.0 = Release|Any CPU
		{95C5F331-5B9D-4090-B211-704478525297}.Debug|Any CPU.ActiveCfg = Debug|Any CPU
		{95C5F331-5B9D-4090-B211-704478525297}.Debug|Any CPU.Build.0 = Debug|Any CPU
		{95C5F331-5B9D-4090-B211-704478525297}.Quality|Any CPU.ActiveCfg = Quality|Any CPU
		{95C5F331-5B9D-4090-B211-704478525297}.Quality|Any CPU.Build.0 = Quality|Any CPU
		{95C5F331-5B9D-4090-B211-704478525297}.Release|Any CPU.ActiveCfg = Release|Any CPU
		{95C5F331-5B9D-4090-B211-704478525297}.Release|Any CPU.Build.0 = Release|Any CPU
		{977DC6EA-3A3B-4BCD-9402-9D656941ABC5}.Debug|Any CPU.ActiveCfg = Debug|Any CPU
		{977DC6EA-3A3B-4BCD-9402-9D656941ABC5}.Debug|Any CPU.Build.0 = Debug|Any CPU
		{977DC6EA-3A3B-4BCD-9402-9D656941ABC5}.Quality|Any CPU.ActiveCfg = Quality|Any CPU
		{977DC6EA-3A3B-4BCD-9402-9D656941ABC5}.Quality|Any CPU.Build.0 = Quality|Any CPU
		{977DC6EA-3A3B-4BCD-9402-9D656941ABC5}.Release|Any CPU.ActiveCfg = Release|Any CPU
		{977DC6EA-3A3B-4BCD-9402-9D656941ABC5}.Release|Any CPU.Build.0 = Release|Any CPU
		{27CD3BE7-7973-48B2-A884-6F2D2E740D04}.Debug|Any CPU.ActiveCfg = Debug|Any CPU
		{27CD3BE7-7973-48B2-A884-6F2D2E740D04}.Debug|Any CPU.Build.0 = Debug|Any CPU
		{27CD3BE7-7973-48B2-A884-6F2D2E740D04}.Quality|Any CPU.ActiveCfg = Quality|Any CPU
		{27CD3BE7-7973-48B2-A884-6F2D2E740D04}.Quality|Any CPU.Build.0 = Quality|Any CPU
		{27CD3BE7-7973-48B2-A884-6F2D2E740D04}.Release|Any CPU.ActiveCfg = Release|Any CPU
		{27CD3BE7-7973-48B2-A884-6F2D2E740D04}.Release|Any CPU.Build.0 = Release|Any CPU
		{04625BCF-A2C2-4044-983C-029276C1F89A}.Debug|Any CPU.ActiveCfg = Debug|Any CPU
		{04625BCF-A2C2-4044-983C-029276C1F89A}.Debug|Any CPU.Build.0 = Debug|Any CPU
		{04625BCF-A2C2-4044-983C-029276C1F89A}.Quality|Any CPU.ActiveCfg = Quality|Any CPU
		{04625BCF-A2C2-4044-983C-029276C1F89A}.Quality|Any CPU.Build.0 = Quality|Any CPU
		{04625BCF-A2C2-4044-983C-029276C1F89A}.Release|Any CPU.ActiveCfg = Release|Any CPU
		{04625BCF-A2C2-4044-983C-029276C1F89A}.Release|Any CPU.Build.0 = Release|Any CPU
		{32CF6019-C5BA-4F17-8273-6E207B4C5AF0}.Debug|Any CPU.ActiveCfg = Debug|Any CPU
		{32CF6019-C5BA-4F17-8273-6E207B4C5AF0}.Debug|Any CPU.Build.0 = Debug|Any CPU
		{32CF6019-C5BA-4F17-8273-6E207B4C5AF0}.Quality|Any CPU.ActiveCfg = Release|Any CPU
		{32CF6019-C5BA-4F17-8273-6E207B4C5AF0}.Quality|Any CPU.Build.0 = Release|Any CPU
		{32CF6019-C5BA-4F17-8273-6E207B4C5AF0}.Release|Any CPU.ActiveCfg = Release|Any CPU
		{32CF6019-C5BA-4F17-8273-6E207B4C5AF0}.Release|Any CPU.Build.0 = Release|Any CPU
		{2195A73C-95BD-4EB7-893F-D44C65AB3347}.Debug|Any CPU.ActiveCfg = Debug|Any CPU
		{2195A73C-95BD-4EB7-893F-D44C65AB3347}.Debug|Any CPU.Build.0 = Debug|Any CPU
		{2195A73C-95BD-4EB7-893F-D44C65AB3347}.Quality|Any CPU.ActiveCfg = Release|Any CPU
		{2195A73C-95BD-4EB7-893F-D44C65AB3347}.Quality|Any CPU.Build.0 = Release|Any CPU
		{2195A73C-95BD-4EB7-893F-D44C65AB3347}.Release|Any CPU.ActiveCfg = Release|Any CPU
		{2195A73C-95BD-4EB7-893F-D44C65AB3347}.Release|Any CPU.Build.0 = Release|Any CPU
		{4FFCD66E-EC4D-4F65-9F3F-2D437D0A7BE8}.Debug|Any CPU.ActiveCfg = Debug|Any CPU
		{4FFCD66E-EC4D-4F65-9F3F-2D437D0A7BE8}.Debug|Any CPU.Build.0 = Debug|Any CPU
		{4FFCD66E-EC4D-4F65-9F3F-2D437D0A7BE8}.Quality|Any CPU.ActiveCfg = Release|Any CPU
		{4FFCD66E-EC4D-4F65-9F3F-2D437D0A7BE8}.Quality|Any CPU.Build.0 = Release|Any CPU
		{4FFCD66E-EC4D-4F65-9F3F-2D437D0A7BE8}.Release|Any CPU.ActiveCfg = Release|Any CPU
		{4FFCD66E-EC4D-4F65-9F3F-2D437D0A7BE8}.Release|Any CPU.Build.0 = Release|Any CPU
	EndGlobalSection
	GlobalSection(SolutionProperties) = preSolution
		HideSolutionNode = FALSE
	EndGlobalSection
	GlobalSection(NestedProjects) = preSolution
		{B5E2658C-B9EB-40BA-BA3B-D46F17AD0987} = {D10C87D0-CFA9-4D7B-BECA-9E4AB77AF310}
		{87C1E166-C1F5-4B75-96F0-96DF6342376C} = {D10C87D0-CFA9-4D7B-BECA-9E4AB77AF310}
		{95C5F331-5B9D-4090-B211-704478525297} = {7A675A7C-ECA3-4B84-B944-EE4842AF7630}
		{977DC6EA-3A3B-4BCD-9402-9D656941ABC5} = {7A44777E-8E38-4EB2-97C3-421C73B8AA2B}
		{27CD3BE7-7973-48B2-A884-6F2D2E740D04} = {C23C9514-D8E8-47C4-9C89-4B59A7BE2EA4}
		{04625BCF-A2C2-4044-983C-029276C1F89A} = {C23C9514-D8E8-47C4-9C89-4B59A7BE2EA4}
		{32CF6019-C5BA-4F17-8273-6E207B4C5AF0} = {D10C87D0-CFA9-4D7B-BECA-9E4AB77AF310}
		{2195A73C-95BD-4EB7-893F-D44C65AB3347} = {7A675A7C-ECA3-4B84-B944-EE4842AF7630}
		{4FFCD66E-EC4D-4F65-9F3F-2D437D0A7BE8} = {36BE545C-F2E3-491D-A989-33006CA6A9A2}
	EndGlobalSection
EndGlobal
